
Microsoft Visual Studio Solution File, Format Version 12.00
# Visual Studio 15
VisualStudioVersion = 15.0.28307.572
MinimumVisualStudioVersion = 10.0.40219.1
Project("{FAE04EC0-301F-11D3-BF4B-00C04F79EFBC}") = "Find_Pairs_That_Equal_Given_Sum", "Find_Pairs_That_Equal_Given_Sum\Find_Pairs_That_Equal_Given_Sum.csproj", "{650D4870-5B10-4C91-9DF1-526FA18539A6}"
EndProject
Global
	GlobalSection(SolutionConfigurationPlatforms) = preSolution
		Debug|Any CPU = Debug|Any CPU
		Release|Any CPU = Release|Any CPU
	EndGlobalSection
	GlobalSection(ProjectConfigurationPlatforms) = postSolution
		{650D4870-5B10-4C91-9DF1-526FA18539A6}.Debug|Any CPU.ActiveCfg = Debug|Any CPU
		{650D4870-5B10-4C91-9DF1-526FA18539A6}.Debug|Any CPU.Build.0 = Debug|Any CPU
		{650D4870-5B10-4C91-9DF1-526FA18539A6}.Release|Any CPU.ActiveCfg = Release|Any CPU
		{650D4870-5B10-4C91-9DF1-526FA18539A6}.Release|Any CPU.Build.0 = Release|Any CPU
	EndGlobalSection
	GlobalSection(SolutionProperties) = preSolution
		HideSolutionNode = FALSE
	EndGlobalSection
	GlobalSection(ExtensibilityGlobals) = postSolution
		SolutionGuid = {FB67E4C6-7D46-4C5F-A412-E60700022B0F}
	EndGlobalSection
EndGlobal
