
Microsoft Visual Studio Solution File, Format Version 12.00
# Visual Studio 15
VisualStudioVersion = 15.0.28307.572
MinimumVisualStudioVersion = 10.0.40219.1
Project("{FAE04EC0-301F-11D3-BF4B-00C04F79EFBC}") = "UnsortedLargeAndSmall", "UnsortedLargeAndSmall\UnsortedLargeAndSmall.csproj", "{6FA1EAAA-97C6-4D86-B747-875288693E8B}"
EndProject
Global
	GlobalSection(SolutionConfigurationPlatforms) = preSolution
		Debug|Any CPU = Debug|Any CPU
		Release|Any CPU = Release|Any CPU
	EndGlobalSection
	GlobalSection(ProjectConfigurationPlatforms) = postSolution
		{6FA1EAAA-97C6-4D86-B747-875288693E8B}.Debug|Any CPU.ActiveCfg = Debug|Any CPU
		{6FA1EAAA-97C6-4D86-B747-875288693E8B}.Debug|Any CPU.Build.0 = Debug|Any CPU
		{6FA1EAAA-97C6-4D86-B747-875288693E8B}.Release|Any CPU.ActiveCfg = Release|Any CPU
		{6FA1EAAA-97C6-4D86-B747-875288693E8B}.Release|Any CPU.Build.0 = Release|Any CPU
	EndGlobalSection
	GlobalSection(SolutionProperties) = preSolution
		HideSolutionNode = FALSE
	EndGlobalSection
	GlobalSection(ExtensibilityGlobals) = postSolution
		SolutionGuid = {4EB54054-F2C0-49C5-B5A0-15D7A5CB7432}
	EndGlobalSection
EndGlobal
