
Microsoft Visual Studio Solution File, Format Version 12.00
# Visual Studio Version 16
VisualStudioVersion = 16.0.28922.388
MinimumVisualStudioVersion = 10.0.40219.1
Project("{FAE04EC0-301F-11D3-BF4B-00C04F79EFBC}") = "LongestOrderListOfNumbers", "LongestOrderListOfNumbers\LongestOrderListOfNumbers.csproj", "{7BB3C419-9CBC-4E43-94BE-48D1946E954B}"
EndProject
Global
	GlobalSection(SolutionConfigurationPlatforms) = preSolution
		Debug|Any CPU = Debug|Any CPU
		Release|Any CPU = Release|Any CPU
	EndGlobalSection
	GlobalSection(ProjectConfigurationPlatforms) = postSolution
		{7BB3C419-9CBC-4E43-94BE-48D1946E954B}.Debug|Any CPU.ActiveCfg = Debug|Any CPU
		{7BB3C419-9CBC-4E43-94BE-48D1946E954B}.Debug|Any CPU.Build.0 = Debug|Any CPU
		{7BB3C419-9CBC-4E43-94BE-48D1946E954B}.Release|Any CPU.ActiveCfg = Release|Any CPU
		{7BB3C419-9CBC-4E43-94BE-48D1946E954B}.Release|Any CPU.Build.0 = Release|Any CPU
	EndGlobalSection
	GlobalSection(SolutionProperties) = preSolution
		HideSolutionNode = FALSE
	EndGlobalSection
	GlobalSection(ExtensibilityGlobals) = postSolution
		SolutionGuid = {ACAD7365-85DC-4342-BFED-E50713219978}
	EndGlobalSection
EndGlobal
